// !$*UTF8*$!
{
	archiveVersion = 1;
	classes = {
	};
	objectVersion = 56;
	objects = {

/* Begin PBXBuildFile section */
		41102CE92D3C03780064E10F /* GoogleService-Info.plist in Resources */ = {isa = PBXBuildFile; fileRef = 41102CE82D3C03780064E10F /* GoogleService-Info.plist */; };
		4112FC782D40BF9E009F31BF /* LoadingButton.swift in Sources */ = {isa = PBXBuildFile; fileRef = 4112FC772D40BF9E009F31BF /* LoadingButton.swift */; };
		4112FC7A2D40C165009F31BF /* OTPViewController.swift in Sources */ = {isa = PBXBuildFile; fileRef = 4112FC792D40C165009F31BF /* OTPViewController.swift */; };
		4112FC7C2D40C172009F31BF /* OTPViewModel.swift in Sources */ = {isa = PBXBuildFile; fileRef = 4112FC7B2D40C172009F31BF /* OTPViewModel.swift */; };
		4112FC7E2D40C182009F31BF /* OTP.storyboard in Resources */ = {isa = PBXBuildFile; fileRef = 4112FC7D2D40C182009F31BF /* OTP.storyboard */; };
		4112FC812D40C80A009F31BF /* Keys.swift in Sources */ = {isa = PBXBuildFile; fileRef = 4112FC802D40C80A009F31BF /* Keys.swift */; };
		41662CF82D3FE69400A186A1 /* FeedViewController.swift in Sources */ = {isa = PBXBuildFile; fileRef = 41662CF72D3FE69400A186A1 /* FeedViewController.swift */; };
		41662CFA2D3FE6B300A186A1 /* Feed.storyboard in Resources */ = {isa = PBXBuildFile; fileRef = 41662CF92D3FE6B300A186A1 /* Feed.storyboard */; };
		41662CFC2D3FE7B600A186A1 /* FeedViewModel.swift in Sources */ = {isa = PBXBuildFile; fileRef = 41662CFB2D3FE7B600A186A1 /* FeedViewModel.swift */; };
		41662CFE2D3FE99800A186A1 /* PhoneNumberViewModel.swift in Sources */ = {isa = PBXBuildFile; fileRef = 41662CFD2D3FE99800A186A1 /* PhoneNumberViewModel.swift */; };
		41D74E4F2D3A939800CAF61B /* AppDelegate.swift in Sources */ = {isa = PBXBuildFile; fileRef = 41D74E4E2D3A939800CAF61B /* AppDelegate.swift */; };
		41D74E532D3A939800CAF61B /* PhoneNumberViewController.swift in Sources */ = {isa = PBXBuildFile; fileRef = 41D74E522D3A939800CAF61B /* PhoneNumberViewController.swift */; };
		41D74E562D3A939800CAF61B /* PhoneNumber.storyboard in Resources */ = {isa = PBXBuildFile; fileRef = 41D74E542D3A939800CAF61B /* PhoneNumber.storyboard */; };
		41D74E582D3A939900CAF61B /* Assets.xcassets in Resources */ = {isa = PBXBuildFile; fileRef = 41D74E572D3A939900CAF61B /* Assets.xcassets */; };
		41D74E5B2D3A939900CAF61B /* LaunchScreen.storyboard in Resources */ = {isa = PBXBuildFile; fileRef = 41D74E592D3A939900CAF61B /* LaunchScreen.storyboard */; };
		41DD4EA32D3FAF8800A01183 /* AppCoordinator.swift in Sources */ = {isa = PBXBuildFile; fileRef = 41DD4EA22D3FAF8800A01183 /* AppCoordinator.swift */; };
		41DD4EA62D3FBE6B00A01183 /* UIViewController+Extension.swift in Sources */ = {isa = PBXBuildFile; fileRef = 41DD4EA52D3FBE6B00A01183 /* UIViewController+Extension.swift */; };
		8D8A047F36E286478AC2459B /* Pods_socialcalendar.framework in Frameworks */ = {isa = PBXBuildFile; fileRef = C07C3640D79C79EDD10EC023 /* Pods_socialcalendar.framework */; };
/* End PBXBuildFile section */

/* Begin PBXFileReference section */
		41102CE82D3C03780064E10F /* GoogleService-Info.plist */ = {isa = PBXFileReference; fileEncoding = 4; lastKnownFileType = text.plist.xml; name = "GoogleService-Info.plist"; path = "../../../Downloads/GoogleService-Info.plist"; sourceTree = "<group>"; };
		4112FC772D40BF9E009F31BF /* LoadingButton.swift */ = {isa = PBXFileReference; lastKnownFileType = sourcecode.swift; path = LoadingButton.swift; sourceTree = "<group>"; };
		4112FC792D40C165009F31BF /* OTPViewController.swift */ = {isa = PBXFileReference; lastKnownFileType = sourcecode.swift; path = OTPViewController.swift; sourceTree = "<group>"; };
		4112FC7B2D40C172009F31BF /* OTPViewModel.swift */ = {isa = PBXFileReference; lastKnownFileType = sourcecode.swift; path = OTPViewModel.swift; sourceTree = "<group>"; };
		4112FC7D2D40C182009F31BF /* OTP.storyboard */ = {isa = PBXFileReference; lastKnownFileType = file.storyboard; path = OTP.storyboard; sourceTree = "<group>"; };
		4112FC802D40C80A009F31BF /* Keys.swift */ = {isa = PBXFileReference; lastKnownFileType = sourcecode.swift; path = Keys.swift; sourceTree = "<group>"; };
		41662CF72D3FE69400A186A1 /* FeedViewController.swift */ = {isa = PBXFileReference; lastKnownFileType = sourcecode.swift; path = FeedViewController.swift; sourceTree = "<group>"; };
		41662CF92D3FE6B300A186A1 /* Feed.storyboard */ = {isa = PBXFileReference; lastKnownFileType = file.storyboard; path = Feed.storyboard; sourceTree = "<group>"; };
		41662CFB2D3FE7B600A186A1 /* FeedViewModel.swift */ = {isa = PBXFileReference; lastKnownFileType = sourcecode.swift; path = FeedViewModel.swift; sourceTree = "<group>"; };
		41662CFD2D3FE99800A186A1 /* PhoneNumberViewModel.swift */ = {isa = PBXFileReference; lastKnownFileType = sourcecode.swift; path = PhoneNumberViewModel.swift; sourceTree = "<group>"; };
		4167B6F42D3A9B2900643028 /* en */ = {isa = PBXFileReference; lastKnownFileType = file.storyboard; name = en; path = en.lproj/PhoneNumber.storyboard; sourceTree = "<group>"; };
		4167B6F52D3A9B2900643028 /* en */ = {isa = PBXFileReference; lastKnownFileType = file.storyboard; name = en; path = en.lproj/LaunchScreen.storyboard; sourceTree = "<group>"; };
		41D74E4B2D3A939800CAF61B /* socialcalendar.app */ = {isa = PBXFileReference; explicitFileType = wrapper.application; includeInIndex = 0; path = socialcalendar.app; sourceTree = BUILT_PRODUCTS_DIR; };
		41D74E4E2D3A939800CAF61B /* AppDelegate.swift */ = {isa = PBXFileReference; lastKnownFileType = sourcecode.swift; path = AppDelegate.swift; sourceTree = "<group>"; };
		41D74E522D3A939800CAF61B /* PhoneNumberViewController.swift */ = {isa = PBXFileReference; lastKnownFileType = sourcecode.swift; path = PhoneNumberViewController.swift; sourceTree = "<group>"; };
		41D74E572D3A939900CAF61B /* Assets.xcassets */ = {isa = PBXFileReference; lastKnownFileType = folder.assetcatalog; path = Assets.xcassets; sourceTree = "<group>"; };
		41D74E5C2D3A939900CAF61B /* Info.plist */ = {isa = PBXFileReference; lastKnownFileType = text.plist.xml; path = Info.plist; sourceTree = "<group>"; };
		41DD4EA22D3FAF8800A01183 /* AppCoordinator.swift */ = {isa = PBXFileReference; lastKnownFileType = sourcecode.swift; path = AppCoordinator.swift; sourceTree = "<group>"; };
		41DD4EA52D3FBE6B00A01183 /* UIViewController+Extension.swift */ = {isa = PBXFileReference; lastKnownFileType = sourcecode.swift; path = "UIViewController+Extension.swift"; sourceTree = "<group>"; };
		5A9AA6DF262C683047F490B8 /* Pods-socialcalendar.debug.xcconfig */ = {isa = PBXFileReference; includeInIndex = 1; lastKnownFileType = text.xcconfig; name = "Pods-socialcalendar.debug.xcconfig"; path = "Target Support Files/Pods-socialcalendar/Pods-socialcalendar.debug.xcconfig"; sourceTree = "<group>"; };
		6104C178501AF922D501A9B2 /* Pods-socialcalendar.release.xcconfig */ = {isa = PBXFileReference; includeInIndex = 1; lastKnownFileType = text.xcconfig; name = "Pods-socialcalendar.release.xcconfig"; path = "Target Support Files/Pods-socialcalendar/Pods-socialcalendar.release.xcconfig"; sourceTree = "<group>"; };
		C07C3640D79C79EDD10EC023 /* Pods_socialcalendar.framework */ = {isa = PBXFileReference; explicitFileType = wrapper.framework; includeInIndex = 0; path = Pods_socialcalendar.framework; sourceTree = BUILT_PRODUCTS_DIR; };
/* End PBXFileReference section */

/* Begin PBXFrameworksBuildPhase section */
		41D74E482D3A939800CAF61B /* Frameworks */ = {
			isa = PBXFrameworksBuildPhase;
			buildActionMask = 2147483647;
			files = (
				8D8A047F36E286478AC2459B /* Pods_socialcalendar.framework in Frameworks */,
			);
			runOnlyForDeploymentPostprocessing = 0;
		};
/* End PBXFrameworksBuildPhase section */

/* Begin PBXGroup section */
		4112FC762D40BF88009F31BF /* Helpers */ = {
			isa = PBXGroup;
			children = (
				4112FC772D40BF9E009F31BF /* LoadingButton.swift */,
			);
			path = Helpers;
			sourceTree = "<group>";
		};
		41662CF52D3FE61F00A186A1 /* Login */ = {
			isa = PBXGroup;
			children = (
				41D74E522D3A939800CAF61B /* PhoneNumberViewController.swift */,
				41662CFD2D3FE99800A186A1 /* PhoneNumberViewModel.swift */,
				4112FC792D40C165009F31BF /* OTPViewController.swift */,
				4112FC7B2D40C172009F31BF /* OTPViewModel.swift */,
			);
			path = Login;
			sourceTree = "<group>";
		};
		41662CF62D3FE66B00A186A1 /* Feed */ = {
			isa = PBXGroup;
			children = (
				41662CF72D3FE69400A186A1 /* FeedViewController.swift */,
				41662CFB2D3FE7B600A186A1 /* FeedViewModel.swift */,
			);
			path = Feed;
			sourceTree = "<group>";
		};
		4167B6F02D3A942700643028 /* Resources */ = {
			isa = PBXGroup;
			children = (
				41D74E572D3A939900CAF61B /* Assets.xcassets */,
			);
			path = Resources;
			sourceTree = "<group>";
		};
		4167B6F12D3A943600643028 /* XibsAndStoryboards */ = {
			isa = PBXGroup;
			children = (
				41D74E592D3A939900CAF61B /* LaunchScreen.storyboard */,
				41D74E542D3A939800CAF61B /* PhoneNumber.storyboard */,
				4112FC7D2D40C182009F31BF /* OTP.storyboard */,
				41662CF92D3FE6B300A186A1 /* Feed.storyboard */,
			);
			path = XibsAndStoryboards;
			sourceTree = "<group>";
		};
		41D74E422D3A939800CAF61B = {
			isa = PBXGroup;
			children = (
				4167B6F02D3A942700643028 /* Resources */,
				41D74E4D2D3A939800CAF61B /* socialcalendar */,
				41D74E4C2D3A939800CAF61B /* Products */,
				9B46CB66080934AAF4501C01 /* Pods */,
				D851D9D2D8A9882A299772B6 /* Frameworks */,
			);
			sourceTree = "<group>";
		};
		41D74E4C2D3A939800CAF61B /* Products */ = {
			isa = PBXGroup;
			children = (
				41D74E4B2D3A939800CAF61B /* socialcalendar.app */,
			);
			name = Products;
			sourceTree = "<group>";
		};
		41D74E4D2D3A939800CAF61B /* socialcalendar */ = {
			isa = PBXGroup;
			children = (
				41D74E4E2D3A939800CAF61B /* AppDelegate.swift */,
				41DD4EA22D3FAF8800A01183 /* AppCoordinator.swift */,
				4112FC802D40C80A009F31BF /* Keys.swift */,
				4112FC762D40BF88009F31BF /* Helpers */,
				41662CF62D3FE66B00A186A1 /* Feed */,
				41662CF52D3FE61F00A186A1 /* Login */,
				41DD4EA42D3FBE5500A01183 /* Extensions */,
				4167B6F12D3A943600643028 /* XibsAndStoryboards */,
				41D74E5C2D3A939900CAF61B /* Info.plist */,
				41102CE82D3C03780064E10F /* GoogleService-Info.plist */,
			);
			path = socialcalendar;
			sourceTree = "<group>";
		};
		41DD4EA42D3FBE5500A01183 /* Extensions */ = {
			isa = PBXGroup;
			children = (
				41DD4EA52D3FBE6B00A01183 /* UIViewController+Extension.swift */,
			);
			path = Extensions;
			sourceTree = "<group>";
		};
		9B46CB66080934AAF4501C01 /* Pods */ = {
			isa = PBXGroup;
			children = (
				5A9AA6DF262C683047F490B8 /* Pods-socialcalendar.debug.xcconfig */,
				6104C178501AF922D501A9B2 /* Pods-socialcalendar.release.xcconfig */,
			);
			path = Pods;
			sourceTree = "<group>";
		};
		D851D9D2D8A9882A299772B6 /* Frameworks */ = {
			isa = PBXGroup;
			children = (
				C07C3640D79C79EDD10EC023 /* Pods_socialcalendar.framework */,
			);
			name = Frameworks;
			sourceTree = "<group>";
		};
/* End PBXGroup section */

/* Begin PBXNativeTarget section */
		41D74E4A2D3A939800CAF61B /* socialcalendar */ = {
			isa = PBXNativeTarget;
			buildConfigurationList = 41D74E5F2D3A939900CAF61B /* Build configuration list for PBXNativeTarget "socialcalendar" */;
			buildPhases = (
				52484111860E39CC239399B4 /* [CP] Check Pods Manifest.lock */,
				41D74E472D3A939800CAF61B /* Sources */,
				41D74E482D3A939800CAF61B /* Frameworks */,
				41D74E492D3A939800CAF61B /* Resources */,
				83AB1FE0CD1E7A8E03A67F8F /* [CP] Embed Pods Frameworks */,
			);
			buildRules = (
			);
			dependencies = (
			);
			name = socialcalendar;
			productName = socialcalendar;
			productReference = 41D74E4B2D3A939800CAF61B /* socialcalendar.app */;
			productType = "com.apple.product-type.application";
		};
/* End PBXNativeTarget section */

/* Begin PBXProject section */
		41D74E432D3A939800CAF61B /* Project object */ = {
			isa = PBXProject;
			attributes = {
				BuildIndependentTargetsInParallel = 1;
				LastSwiftUpdateCheck = 1520;
				LastUpgradeCheck = 1520;
				TargetAttributes = {
					41D74E4A2D3A939800CAF61B = {
						CreatedOnToolsVersion = 15.2;
					};
				};
			};
			buildConfigurationList = 41D74E462D3A939800CAF61B /* Build configuration list for PBXProject "socialcalendar" */;
			compatibilityVersion = "Xcode 14.0";
			developmentRegion = en;
			hasScannedForEncodings = 0;
			knownRegions = (
				en,
			);
			mainGroup = 41D74E422D3A939800CAF61B;
			productRefGroup = 41D74E4C2D3A939800CAF61B /* Products */;
			projectDirPath = "";
			projectRoot = "";
			targets = (
				41D74E4A2D3A939800CAF61B /* socialcalendar */,
			);
		};
/* End PBXProject section */

/* Begin PBXResourcesBuildPhase section */
		41D74E492D3A939800CAF61B /* Resources */ = {
			isa = PBXResourcesBuildPhase;
			buildActionMask = 2147483647;
			files = (
				41662CFA2D3FE6B300A186A1 /* Feed.storyboard in Resources */,
				41D74E5B2D3A939900CAF61B /* LaunchScreen.storyboard in Resources */,
				41102CE92D3C03780064E10F /* GoogleService-Info.plist in Resources */,
				41D74E582D3A939900CAF61B /* Assets.xcassets in Resources */,
				4112FC7E2D40C182009F31BF /* OTP.storyboard in Resources */,
				41D74E562D3A939800CAF61B /* PhoneNumber.storyboard in Resources */,
			);
			runOnlyForDeploymentPostprocessing = 0;
		};
/* End PBXResourcesBuildPhase section */

/* Begin PBXShellScriptBuildPhase section */
		52484111860E39CC239399B4 /* [CP] Check Pods Manifest.lock */ = {
			isa = PBXShellScriptBuildPhase;
			buildActionMask = 2147483647;
			files = (
			);
			inputFileListPaths = (
			);
			inputPaths = (
				"${PODS_PODFILE_DIR_PATH}/Podfile.lock",
				"${PODS_ROOT}/Manifest.lock",
			);
			name = "[CP] Check Pods Manifest.lock";
			outputFileListPaths = (
			);
			outputPaths = (
				"$(DERIVED_FILE_DIR)/Pods-socialcalendar-checkManifestLockResult.txt",
			);
			runOnlyForDeploymentPostprocessing = 0;
			shellPath = /bin/sh;
			shellScript = "diff \"${PODS_PODFILE_DIR_PATH}/Podfile.lock\" \"${PODS_ROOT}/Manifest.lock\" > /dev/null\nif [ $? != 0 ] ; then\n    # print error to STDERR\n    echo \"error: The sandbox is not in sync with the Podfile.lock. Run 'pod install' or update your CocoaPods installation.\" >&2\n    exit 1\nfi\n# This output is used by Xcode 'outputs' to avoid re-running this script phase.\necho \"SUCCESS\" > \"${SCRIPT_OUTPUT_FILE_0}\"\n";
			showEnvVarsInLog = 0;
		};
		83AB1FE0CD1E7A8E03A67F8F /* [CP] Embed Pods Frameworks */ = {
			isa = PBXShellScriptBuildPhase;
			buildActionMask = 2147483647;
			files = (
			);
			inputFileListPaths = (
				"${PODS_ROOT}/Target Support Files/Pods-socialcalendar/Pods-socialcalendar-frameworks-${CONFIGURATION}-input-files.xcfilelist",
			);
			name = "[CP] Embed Pods Frameworks";
			outputFileListPaths = (
				"${PODS_ROOT}/Target Support Files/Pods-socialcalendar/Pods-socialcalendar-frameworks-${CONFIGURATION}-output-files.xcfilelist",
			);
			runOnlyForDeploymentPostprocessing = 0;
			shellPath = /bin/sh;
			shellScript = "\"${PODS_ROOT}/Target Support Files/Pods-socialcalendar/Pods-socialcalendar-frameworks.sh\"\n";
			showEnvVarsInLog = 0;
		};
/* End PBXShellScriptBuildPhase section */

/* Begin PBXSourcesBuildPhase section */
		41D74E472D3A939800CAF61B /* Sources */ = {
			isa = PBXSourcesBuildPhase;
			buildActionMask = 2147483647;
			files = (
				4112FC7C2D40C172009F31BF /* OTPViewModel.swift in Sources */,
				4112FC782D40BF9E009F31BF /* LoadingButton.swift in Sources */,
				41DD4EA32D3FAF8800A01183 /* AppCoordinator.swift in Sources */,
				41D74E532D3A939800CAF61B /* PhoneNumberViewController.swift in Sources */,
				4112FC812D40C80A009F31BF /* Keys.swift in Sources */,
				4112FC7A2D40C165009F31BF /* OTPViewController.swift in Sources */,
				41662CFC2D3FE7B600A186A1 /* FeedViewModel.swift in Sources */,
				41662CF82D3FE69400A186A1 /* FeedViewController.swift in Sources */,
				41DD4EA62D3FBE6B00A01183 /* UIViewController+Extension.swift in Sources */,
				41D74E4F2D3A939800CAF61B /* AppDelegate.swift in Sources */,
				41662CFE2D3FE99800A186A1 /* PhoneNumberViewModel.swift in Sources */,
			);
			runOnlyForDeploymentPostprocessing = 0;
		};
/* End PBXSourcesBuildPhase section */

/* Begin PBXVariantGroup section */
		41D74E542D3A939800CAF61B /* PhoneNumber.storyboard */ = {
			isa = PBXVariantGroup;
			children = (
				4167B6F42D3A9B2900643028 /* en */,
			);
			name = PhoneNumber.storyboard;
			sourceTree = "<group>";
		};
		41D74E592D3A939900CAF61B /* LaunchScreen.storyboard */ = {
			isa = PBXVariantGroup;
			children = (
				4167B6F52D3A9B2900643028 /* en */,
			);
			name = LaunchScreen.storyboard;
			sourceTree = "<group>";
		};
/* End PBXVariantGroup section */

/* Begin XCBuildConfiguration section */
		41D74E5D2D3A939900CAF61B /* Debug */ = {
			isa = XCBuildConfiguration;
			buildSettings = {
				ALWAYS_SEARCH_USER_PATHS = NO;
				ASSETCATALOG_COMPILER_GENERATE_SWIFT_ASSET_SYMBOL_EXTENSIONS = YES;
				CLANG_ANALYZER_NONNULL = YES;
				CLANG_ANALYZER_NUMBER_OBJECT_CONVERSION = YES_AGGRESSIVE;
				CLANG_CXX_LANGUAGE_STANDARD = "gnu++20";
				CLANG_ENABLE_MODULES = YES;
				CLANG_ENABLE_OBJC_ARC = YES;
				CLANG_ENABLE_OBJC_WEAK = YES;
				CLANG_WARN_BLOCK_CAPTURE_AUTORELEASING = YES;
				CLANG_WARN_BOOL_CONVERSION = YES;
				CLANG_WARN_COMMA = YES;
				CLANG_WARN_CONSTANT_CONVERSION = YES;
				CLANG_WARN_DEPRECATED_OBJC_IMPLEMENTATIONS = YES;
				CLANG_WARN_DIRECT_OBJC_ISA_USAGE = YES_ERROR;
				CLANG_WARN_DOCUMENTATION_COMMENTS = YES;
				CLANG_WARN_EMPTY_BODY = YES;
				CLANG_WARN_ENUM_CONVERSION = YES;
				CLANG_WARN_INFINITE_RECURSION = YES;
				CLANG_WARN_INT_CONVERSION = YES;
				CLANG_WARN_NON_LITERAL_NULL_CONVERSION = YES;
				CLANG_WARN_OBJC_IMPLICIT_RETAIN_SELF = YES;
				CLANG_WARN_OBJC_LITERAL_CONVERSION = YES;
				CLANG_WARN_OBJC_ROOT_CLASS = YES_ERROR;
				CLANG_WARN_QUOTED_INCLUDE_IN_FRAMEWORK_HEADER = YES;
				CLANG_WARN_RANGE_LOOP_ANALYSIS = YES;
				CLANG_WARN_STRICT_PROTOTYPES = YES;
				CLANG_WARN_SUSPICIOUS_MOVE = YES;
				CLANG_WARN_UNGUARDED_AVAILABILITY = YES_AGGRESSIVE;
				CLANG_WARN_UNREACHABLE_CODE = YES;
				CLANG_WARN__DUPLICATE_METHOD_MATCH = YES;
				COPY_PHASE_STRIP = NO;
				DEBUG_INFORMATION_FORMAT = dwarf;
				ENABLE_STRICT_OBJC_MSGSEND = YES;
				ENABLE_TESTABILITY = YES;
				ENABLE_USER_SCRIPT_SANDBOXING = YES;
				GCC_C_LANGUAGE_STANDARD = gnu17;
				GCC_DYNAMIC_NO_PIC = NO;
				GCC_NO_COMMON_BLOCKS = YES;
				GCC_OPTIMIZATION_LEVEL = 0;
				GCC_PREPROCESSOR_DEFINITIONS = (
					"DEBUG=1",
					"$(inherited)",
				);
				GCC_WARN_64_TO_32_BIT_CONVERSION = YES;
				GCC_WARN_ABOUT_RETURN_TYPE = YES_ERROR;
				GCC_WARN_UNDECLARED_SELECTOR = YES;
				GCC_WARN_UNINITIALIZED_AUTOS = YES_AGGRESSIVE;
				GCC_WARN_UNUSED_FUNCTION = YES;
				GCC_WARN_UNUSED_VARIABLE = YES;
				IPHONEOS_DEPLOYMENT_TARGET = 17.2;
				LOCALIZATION_PREFERS_STRING_CATALOGS = YES;
				MTL_ENABLE_DEBUG_INFO = INCLUDE_SOURCE;
				MTL_FAST_MATH = YES;
				ONLY_ACTIVE_ARCH = YES;
				SDKROOT = iphoneos;
				SWIFT_ACTIVE_COMPILATION_CONDITIONS = "DEBUG $(inherited)";
				SWIFT_OPTIMIZATION_LEVEL = "-Onone";
			};
			name = Debug;
		};
		41D74E5E2D3A939900CAF61B /* Release */ = {
			isa = XCBuildConfiguration;
			buildSettings = {
				ALWAYS_SEARCH_USER_PATHS = NO;
				ASSETCATALOG_COMPILER_GENERATE_SWIFT_ASSET_SYMBOL_EXTENSIONS = YES;
				CLANG_ANALYZER_NONNULL = YES;
				CLANG_ANALYZER_NUMBER_OBJECT_CONVERSION = YES_AGGRESSIVE;
				CLANG_CXX_LANGUAGE_STANDARD = "gnu++20";
				CLANG_ENABLE_MODULES = YES;
				CLANG_ENABLE_OBJC_ARC = YES;
				CLANG_ENABLE_OBJC_WEAK = YES;
				CLANG_WARN_BLOCK_CAPTURE_AUTORELEASING = YES;
				CLANG_WARN_BOOL_CONVERSION = YES;
				CLANG_WARN_COMMA = YES;
				CLANG_WARN_CONSTANT_CONVERSION = YES;
				CLANG_WARN_DEPRECATED_OBJC_IMPLEMENTATIONS = YES;
				CLANG_WARN_DIRECT_OBJC_ISA_USAGE = YES_ERROR;
				CLANG_WARN_DOCUMENTATION_COMMENTS = YES;
				CLANG_WARN_EMPTY_BODY = YES;
				CLANG_WARN_ENUM_CONVERSION = YES;
				CLANG_WARN_INFINITE_RECURSION = YES;
				CLANG_WARN_INT_CONVERSION = YES;
				CLANG_WARN_NON_LITERAL_NULL_CONVERSION = YES;
				CLANG_WARN_OBJC_IMPLICIT_RETAIN_SELF = YES;
				CLANG_WARN_OBJC_LITERAL_CONVERSION = YES;
				CLANG_WARN_OBJC_ROOT_CLASS = YES_ERROR;
				CLANG_WARN_QUOTED_INCLUDE_IN_FRAMEWORK_HEADER = YES;
				CLANG_WARN_RANGE_LOOP_ANALYSIS = YES;
				CLANG_WARN_STRICT_PROTOTYPES = YES;
				CLANG_WARN_SUSPICIOUS_MOVE = YES;
				CLANG_WARN_UNGUARDED_AVAILABILITY = YES_AGGRESSIVE;
				CLANG_WARN_UNREACHABLE_CODE = YES;
				CLANG_WARN__DUPLICATE_METHOD_MATCH = YES;
				COPY_PHASE_STRIP = NO;
				DEBUG_INFORMATION_FORMAT = "dwarf-with-dsym";
				ENABLE_NS_ASSERTIONS = NO;
				ENABLE_STRICT_OBJC_MSGSEND = YES;
				ENABLE_USER_SCRIPT_SANDBOXING = YES;
				GCC_C_LANGUAGE_STANDARD = gnu17;
				GCC_NO_COMMON_BLOCKS = YES;
				GCC_WARN_64_TO_32_BIT_CONVERSION = YES;
				GCC_WARN_ABOUT_RETURN_TYPE = YES_ERROR;
				GCC_WARN_UNDECLARED_SELECTOR = YES;
				GCC_WARN_UNINITIALIZED_AUTOS = YES_AGGRESSIVE;
				GCC_WARN_UNUSED_FUNCTION = YES;
				GCC_WARN_UNUSED_VARIABLE = YES;
				IPHONEOS_DEPLOYMENT_TARGET = 17.2;
				LOCALIZATION_PREFERS_STRING_CATALOGS = YES;
				MTL_ENABLE_DEBUG_INFO = NO;
				MTL_FAST_MATH = YES;
				SDKROOT = iphoneos;
				SWIFT_COMPILATION_MODE = wholemodule;
				VALIDATE_PRODUCT = YES;
			};
			name = Release;
		};
		41D74E602D3A939900CAF61B /* Debug */ = {
			isa = XCBuildConfiguration;
			baseConfigurationReference = 5A9AA6DF262C683047F490B8 /* Pods-socialcalendar.debug.xcconfig */;
			buildSettings = {
				ASSETCATALOG_COMPILER_APPICON_NAME = AppIcon;
				ASSETCATALOG_COMPILER_GLOBAL_ACCENT_COLOR_NAME = AccentColor;
				CODE_SIGN_STYLE = Automatic;
				CURRENT_PROJECT_VERSION = 1;
				DEVELOPMENT_TEAM = QY93DX5BQ5;
				ENABLE_USER_SCRIPT_SANDBOXING = NO;
				GENERATE_INFOPLIST_FILE = YES;
				INFOPLIST_FILE = socialcalendar/Info.plist;
				INFOPLIST_KEY_UIApplicationSupportsIndirectInputEvents = YES;
				INFOPLIST_KEY_UILaunchStoryboardName = LaunchScreen;
				INFOPLIST_KEY_UIMainStoryboardFile = PhoneNumber;
				INFOPLIST_KEY_UISupportedInterfaceOrientations_iPad = "UIInterfaceOrientationPortrait UIInterfaceOrientationPortraitUpsideDown UIInterfaceOrientationLandscapeLeft UIInterfaceOrientationLandscapeRight";
				INFOPLIST_KEY_UISupportedInterfaceOrientations_iPhone = "UIInterfaceOrientationPortrait UIInterfaceOrientationLandscapeLeft UIInterfaceOrientationLandscapeRight";
				LD_RUNPATH_SEARCH_PATHS = (
					"$(inherited)",
					"@executable_path/Frameworks",
				);
				MARKETING_VERSION = 1.0;
				PRODUCT_BUNDLE_IDENTIFIER = cal.me.sc;
				PRODUCT_NAME = "$(TARGET_NAME)";
				SWIFT_EMIT_LOC_STRINGS = YES;
				SWIFT_VERSION = 5.0;
				TARGETED_DEVICE_FAMILY = "1,2";
			};
			name = Debug;
		};
		41D74E612D3A939900CAF61B /* Release */ = {
			isa = XCBuildConfiguration;
			baseConfigurationReference = 6104C178501AF922D501A9B2 /* Pods-socialcalendar.release.xcconfig */;
			buildSettings = {
				ASSETCATALOG_COMPILER_APPICON_NAME = AppIcon;
				ASSETCATALOG_COMPILER_GLOBAL_ACCENT_COLOR_NAME = AccentColor;
				CODE_SIGN_STYLE = Automatic;
				CURRENT_PROJECT_VERSION = 1;
				DEVELOPMENT_TEAM = QY93DX5BQ5;
				ENABLE_USER_SCRIPT_SANDBOXING = NO;
				GENERATE_INFOPLIST_FILE = YES;
				INFOPLIST_FILE = socialcalendar/Info.plist;
				INFOPLIST_KEY_UIApplicationSupportsIndirectInputEvents = YES;
				INFOPLIST_KEY_UILaunchStoryboardName = LaunchScreen;
				INFOPLIST_KEY_UIMainStoryboardFile = PhoneNumber;
				INFOPLIST_KEY_UISupportedInterfaceOrientations_iPad = "UIInterfaceOrientationPortrait UIInterfaceOrientationPortraitUpsideDown UIInterfaceOrientationLandscapeLeft UIInterfaceOrientationLandscapeRight";
				INFOPLIST_KEY_UISupportedInterfaceOrientations_iPhone = "UIInterfaceOrientationPortrait UIInterfaceOrientationLandscapeLeft UIInterfaceOrientationLandscapeRight";
				LD_RUNPATH_SEARCH_PATHS = (
					"$(inherited)",
					"@executable_path/Frameworks",
				);
				MARKETING_VERSION = 1.0;
				PRODUCT_BUNDLE_IDENTIFIER = cal.me.sc;
				PRODUCT_NAME = "$(TARGET_NAME)";
				SWIFT_EMIT_LOC_STRINGS = YES;
				SWIFT_VERSION = 5.0;
				TARGETED_DEVICE_FAMILY = "1,2";
			};
			name = Release;
		};
/* End XCBuildConfiguration section */

/* Begin XCConfigurationList section */
		41D74E462D3A939800CAF61B /* Build configuration list for PBXProject "socialcalendar" */ = {
			isa = XCConfigurationList;
			buildConfigurations = (
				41D74E5D2D3A939900CAF61B /* Debug */,
				41D74E5E2D3A939900CAF61B /* Release */,
			);
			defaultConfigurationIsVisible = 0;
			defaultConfigurationName = Release;
		};
		41D74E5F2D3A939900CAF61B /* Build configuration list for PBXNativeTarget "socialcalendar" */ = {
			isa = XCConfigurationList;
			buildConfigurations = (
				41D74E602D3A939900CAF61B /* Debug */,
				41D74E612D3A939900CAF61B /* Release */,
			);
			defaultConfigurationIsVisible = 0;
			defaultConfigurationName = Release;
		};
/* End XCConfigurationList section */
	};
	rootObject = 41D74E432D3A939800CAF61B /* Project object */;
}
